// !$*UTF8*$!
{
	archiveVersion = 1;
	classes = {
	};
	objectVersion = 56;
	objects = {

/* Begin PBXBuildFile section */
		4011043BF6E011347E358D2E /* Pods_JustWeather.framework in Frameworks */ = {isa = PBXBuildFile; fileRef = 6322C401C9D0646E3052EAD2 /* Pods_JustWeather.framework */; };
		D316C3172A0013CB00E5337F /* NetworkMonitor.swift in Sources */ = {isa = PBXBuildFile; fileRef = D316C3162A0013CB00E5337F /* NetworkMonitor.swift */; };
		D316C3272A059E2A00E5337F /* WeatherViewVCTests.swift in Sources */ = {isa = PBXBuildFile; fileRef = D316C3262A059E2A00E5337F /* WeatherViewVCTests.swift */; };
		D34D15F029FE885600679A1C /* WeatherView.swift in Sources */ = {isa = PBXBuildFile; fileRef = D34D15EF29FE885600679A1C /* WeatherView.swift */; };
		D34D15F229FE891B00679A1C /* WeatherBackgroundView.swift in Sources */ = {isa = PBXBuildFile; fileRef = D34D15F129FE891B00679A1C /* WeatherBackgroundView.swift */; };
		D37C7DD12A12D80D00A396E3 /* WidgetKit.framework in Frameworks */ = {isa = PBXBuildFile; fileRef = D37C7DB92A12D74900A396E3 /* WidgetKit.framework */; };
		D37C7DD22A12D80D00A396E3 /* SwiftUI.framework in Frameworks */ = {isa = PBXBuildFile; fileRef = D37C7DBB2A12D74900A396E3 /* SwiftUI.framework */; };
		D37C7DD52A12D80D00A396E3 /* JustWeatherWidgetBundle.swift in Sources */ = {isa = PBXBuildFile; fileRef = D37C7DD42A12D80D00A396E3 /* JustWeatherWidgetBundle.swift */; };
		D37C7DD72A12D80D00A396E3 /* JustWeatherWidget.swift in Sources */ = {isa = PBXBuildFile; fileRef = D37C7DD62A12D80D00A396E3 /* JustWeatherWidget.swift */; };
		D37C7DD92A12D80E00A396E3 /* Assets.xcassets in Resources */ = {isa = PBXBuildFile; fileRef = D37C7DD82A12D80E00A396E3 /* Assets.xcassets */; };
		D37C7DDD2A12D80E00A396E3 /* JustWeatherWidgetExtension.appex in Embed Foundation Extensions */ = {isa = PBXBuildFile; fileRef = D37C7DD02A12D80D00A396E3 /* JustWeatherWidgetExtension.appex */; settings = {ATTRIBUTES = (RemoveHeadersOnCopy, ); }; };
		D37C7DE32A157A3200A396E3 /* WeatherModel.swift in Sources */ = {isa = PBXBuildFile; fileRef = D3EBC01629F1D4DC00250369 /* WeatherModel.swift */; };
		D37C7DE62A157A5A00A396E3 /* WidgetModel.swift in Sources */ = {isa = PBXBuildFile; fileRef = D37C7DE42A157A5700A396E3 /* WidgetModel.swift */; };
		D37C7DE92A157AE100A396E3 /* WidgetView.swift in Sources */ = {isa = PBXBuildFile; fileRef = D37C7DE72A157ADD00A396E3 /* WidgetView.swift */; };
		D37C7DEC2A157B7100A396E3 /* WidgetProvider.swift in Sources */ = {isa = PBXBuildFile; fileRef = D37C7DEA2A157B3A00A396E3 /* WidgetProvider.swift */; };
		D37C7DED2A1581DA00A396E3 /* WeatherSource.swift in Sources */ = {isa = PBXBuildFile; fileRef = D3EBC01C29F1D97000250369 /* WeatherSource.swift */; };
		D37C7DEF2A158F4500A396E3 /* WidgetViewSmall.swift in Sources */ = {isa = PBXBuildFile; fileRef = D37C7DEE2A158F4500A396E3 /* WidgetViewSmall.swift */; };
		D37C7DF22A158F5E00A396E3 /* WidgetViewMedium.swift in Sources */ = {isa = PBXBuildFile; fileRef = D37C7DF12A158F5E00A396E3 /* WidgetViewMedium.swift */; };
		D37C7DFB2A181A9400A396E3 /* UserDefaultsNames.swift in Sources */ = {isa = PBXBuildFile; fileRef = D37C7DFA2A181A9400A396E3 /* UserDefaultsNames.swift */; };
		D37C7DFC2A181A9700A396E3 /* UserDefaultsNames.swift in Sources */ = {isa = PBXBuildFile; fileRef = D37C7DFA2A181A9400A396E3 /* UserDefaultsNames.swift */; };
		D37C7DFD2A181A9800A396E3 /* UserDefaultsNames.swift in Sources */ = {isa = PBXBuildFile; fileRef = D37C7DFA2A181A9400A396E3 /* UserDefaultsNames.swift */; };
		D3EBC00829EDCE8900250369 /* JustWeatherApp.swift in Sources */ = {isa = PBXBuildFile; fileRef = D3EBC00729EDCE8900250369 /* JustWeatherApp.swift */; };
		D3EBC00C29EDCE8A00250369 /* Assets.xcassets in Resources */ = {isa = PBXBuildFile; fileRef = D3EBC00B29EDCE8A00250369 /* Assets.xcassets */; };
		D3EBC00F29EDCE8A00250369 /* Preview Assets.xcassets in Resources */ = {isa = PBXBuildFile; fileRef = D3EBC00E29EDCE8A00250369 /* Preview Assets.xcassets */; };
		D3EBC01729F1D4DC00250369 /* WeatherModel.swift in Sources */ = {isa = PBXBuildFile; fileRef = D3EBC01629F1D4DC00250369 /* WeatherModel.swift */; };
		D3EBC01D29F1D97000250369 /* WeatherSource.swift in Sources */ = {isa = PBXBuildFile; fileRef = D3EBC01C29F1D97000250369 /* WeatherSource.swift */; };
		D3EBC02029F1E45900250369 /* MainView.swift in Sources */ = {isa = PBXBuildFile; fileRef = D3EBC01F29F1E45900250369 /* MainView.swift */; };
		D3EBC02929F3064A00250369 /* GothicA1-Medium.ttf in Resources */ = {isa = PBXBuildFile; fileRef = D3EBC02829F3064A00250369 /* GothicA1-Medium.ttf */; };
		D3EBC02B29F5AD9F00250369 /* WeatherViewVC.swift in Sources */ = {isa = PBXBuildFile; fileRef = D3EBC02A29F5AD9F00250369 /* WeatherViewVC.swift */; };
		D3EBC03829FBEEE200250369 /* LocationSource.swift in Sources */ = {isa = PBXBuildFile; fileRef = D3EBC03729FBEEE200250369 /* LocationSource.swift */; };
		D3EBC03A29FDB7AD00250369 /* SplashScreenView.swift in Sources */ = {isa = PBXBuildFile; fileRef = D3EBC03929FDB7AD00250369 /* SplashScreenView.swift */; };
/* End PBXBuildFile section */

/* Begin PBXContainerItemProxy section */
		D316C3202A04517100E5337F /* PBXContainerItemProxy */ = {
			isa = PBXContainerItemProxy;
			containerPortal = D3EBBFFC29EDCE8900250369 /* Project object */;
			proxyType = 1;
			remoteGlobalIDString = D3EBC00329EDCE8900250369;
			remoteInfo = JustWeather;
		};
		D37C7DDB2A12D80E00A396E3 /* PBXContainerItemProxy */ = {
			isa = PBXContainerItemProxy;
			containerPortal = D3EBBFFC29EDCE8900250369 /* Project object */;
			proxyType = 1;
			remoteGlobalIDString = D37C7DCF2A12D80D00A396E3;
			remoteInfo = JustWeatherWidgetExtension;
		};
/* End PBXContainerItemProxy section */

/* Begin PBXCopyFilesBuildPhase section */
		D37C7DC72A12D74B00A396E3 /* Embed Foundation Extensions */ = {
			isa = PBXCopyFilesBuildPhase;
			buildActionMask = 2147483647;
			dstPath = "";
			dstSubfolderSpec = 13;
			files = (
				D37C7DDD2A12D80E00A396E3 /* JustWeatherWidgetExtension.appex in Embed Foundation Extensions */,
			);
			name = "Embed Foundation Extensions";
			runOnlyForDeploymentPostprocessing = 0;
		};
/* End PBXCopyFilesBuildPhase section */

/* Begin PBXFileReference section */
		5B4F980BF6997D4ACCD21878 /* Pods-JustWeather.debug.xcconfig */ = {isa = PBXFileReference; includeInIndex = 1; lastKnownFileType = text.xcconfig; name = "Pods-JustWeather.debug.xcconfig"; path = "Target Support Files/Pods-JustWeather/Pods-JustWeather.debug.xcconfig"; sourceTree = "<group>"; };
		6322C401C9D0646E3052EAD2 /* Pods_JustWeather.framework */ = {isa = PBXFileReference; explicitFileType = wrapper.framework; includeInIndex = 0; path = Pods_JustWeather.framework; sourceTree = BUILT_PRODUCTS_DIR; };
		D316C3162A0013CB00E5337F /* NetworkMonitor.swift */ = {isa = PBXFileReference; lastKnownFileType = sourcecode.swift; path = NetworkMonitor.swift; sourceTree = "<group>"; };
		D316C31C2A04517100E5337F /* JustWeatherTests.xctest */ = {isa = PBXFileReference; explicitFileType = wrapper.cfbundle; includeInIndex = 0; path = JustWeatherTests.xctest; sourceTree = BUILT_PRODUCTS_DIR; };
		D316C3252A059E2A00E5337F /* JustWeatherTests-Bridging-Header.h */ = {isa = PBXFileReference; lastKnownFileType = sourcecode.c.h; path = "JustWeatherTests-Bridging-Header.h"; sourceTree = "<group>"; };
		D316C3262A059E2A00E5337F /* WeatherViewVCTests.swift */ = {isa = PBXFileReference; lastKnownFileType = sourcecode.swift; path = WeatherViewVCTests.swift; sourceTree = "<group>"; };
		D34D15EF29FE885600679A1C /* WeatherView.swift */ = {isa = PBXFileReference; lastKnownFileType = sourcecode.swift; path = WeatherView.swift; sourceTree = "<group>"; };
		D34D15F129FE891B00679A1C /* WeatherBackgroundView.swift */ = {isa = PBXFileReference; lastKnownFileType = sourcecode.swift; path = WeatherBackgroundView.swift; sourceTree = "<group>"; };
		D37C7DB92A12D74900A396E3 /* WidgetKit.framework */ = {isa = PBXFileReference; lastKnownFileType = wrapper.framework; name = WidgetKit.framework; path = System/Library/Frameworks/WidgetKit.framework; sourceTree = SDKROOT; };
		D37C7DBB2A12D74900A396E3 /* SwiftUI.framework */ = {isa = PBXFileReference; lastKnownFileType = wrapper.framework; name = SwiftUI.framework; path = System/Library/Frameworks/SwiftUI.framework; sourceTree = SDKROOT; };
		D37C7DD02A12D80D00A396E3 /* JustWeatherWidgetExtension.appex */ = {isa = PBXFileReference; explicitFileType = "wrapper.app-extension"; includeInIndex = 0; path = JustWeatherWidgetExtension.appex; sourceTree = BUILT_PRODUCTS_DIR; };
		D37C7DD42A12D80D00A396E3 /* JustWeatherWidgetBundle.swift */ = {isa = PBXFileReference; lastKnownFileType = sourcecode.swift; path = JustWeatherWidgetBundle.swift; sourceTree = "<group>"; };
		D37C7DD62A12D80D00A396E3 /* JustWeatherWidget.swift */ = {isa = PBXFileReference; lastKnownFileType = sourcecode.swift; path = JustWeatherWidget.swift; sourceTree = "<group>"; };
		D37C7DD82A12D80E00A396E3 /* Assets.xcassets */ = {isa = PBXFileReference; lastKnownFileType = folder.assetcatalog; path = Assets.xcassets; sourceTree = "<group>"; };
		D37C7DDA2A12D80E00A396E3 /* Info.plist */ = {isa = PBXFileReference; lastKnownFileType = text.plist.xml; path = Info.plist; sourceTree = "<group>"; };
		D37C7DE42A157A5700A396E3 /* WidgetModel.swift */ = {isa = PBXFileReference; lastKnownFileType = sourcecode.swift; path = WidgetModel.swift; sourceTree = "<group>"; };
		D37C7DE72A157ADD00A396E3 /* WidgetView.swift */ = {isa = PBXFileReference; lastKnownFileType = sourcecode.swift; path = WidgetView.swift; sourceTree = "<group>"; };
		D37C7DEA2A157B3A00A396E3 /* WidgetProvider.swift */ = {isa = PBXFileReference; lastKnownFileType = sourcecode.swift; path = WidgetProvider.swift; sourceTree = "<group>"; };
		D37C7DEE2A158F4500A396E3 /* WidgetViewSmall.swift */ = {isa = PBXFileReference; lastKnownFileType = sourcecode.swift; path = WidgetViewSmall.swift; sourceTree = "<group>"; };
		D37C7DF12A158F5E00A396E3 /* WidgetViewMedium.swift */ = {isa = PBXFileReference; lastKnownFileType = sourcecode.swift; path = WidgetViewMedium.swift; sourceTree = "<group>"; };
		D37C7DF82A18197600A396E3 /* JustWeather.entitlements */ = {isa = PBXFileReference; lastKnownFileType = text.plist.entitlements; path = JustWeather.entitlements; sourceTree = "<group>"; };
		D37C7DF92A181A4600A396E3 /* JustWeatherWidgetExtension.entitlements */ = {isa = PBXFileReference; lastKnownFileType = text.plist.entitlements; path = JustWeatherWidgetExtension.entitlements; sourceTree = "<group>"; };
		D37C7DFA2A181A9400A396E3 /* UserDefaultsNames.swift */ = {isa = PBXFileReference; lastKnownFileType = sourcecode.swift; path = UserDefaultsNames.swift; sourceTree = "<group>"; };
		D3EBC00429EDCE8900250369 /* JustWeather.app */ = {isa = PBXFileReference; explicitFileType = wrapper.application; includeInIndex = 0; path = JustWeather.app; sourceTree = BUILT_PRODUCTS_DIR; };
		D3EBC00729EDCE8900250369 /* JustWeatherApp.swift */ = {isa = PBXFileReference; lastKnownFileType = sourcecode.swift; path = JustWeatherApp.swift; sourceTree = "<group>"; };
		D3EBC00B29EDCE8A00250369 /* Assets.xcassets */ = {isa = PBXFileReference; lastKnownFileType = folder.assetcatalog; path = Assets.xcassets; sourceTree = "<group>"; };
		D3EBC00E29EDCE8A00250369 /* Preview Assets.xcassets */ = {isa = PBXFileReference; lastKnownFileType = folder.assetcatalog; path = "Preview Assets.xcassets"; sourceTree = "<group>"; };
		D3EBC01629F1D4DC00250369 /* WeatherModel.swift */ = {isa = PBXFileReference; lastKnownFileType = sourcecode.swift; path = WeatherModel.swift; sourceTree = "<group>"; };
		D3EBC01C29F1D97000250369 /* WeatherSource.swift */ = {isa = PBXFileReference; lastKnownFileType = sourcecode.swift; path = WeatherSource.swift; sourceTree = "<group>"; };
		D3EBC01F29F1E45900250369 /* MainView.swift */ = {isa = PBXFileReference; lastKnownFileType = sourcecode.swift; path = MainView.swift; sourceTree = "<group>"; };
		D3EBC02329F304CB00250369 /* Info.plist */ = {isa = PBXFileReference; lastKnownFileType = text.plist; path = Info.plist; sourceTree = "<group>"; };
		D3EBC02829F3064A00250369 /* GothicA1-Medium.ttf */ = {isa = PBXFileReference; lastKnownFileType = file; path = "GothicA1-Medium.ttf"; sourceTree = "<group>"; };
		D3EBC02A29F5AD9F00250369 /* WeatherViewVC.swift */ = {isa = PBXFileReference; lastKnownFileType = sourcecode.swift; path = WeatherViewVC.swift; sourceTree = "<group>"; };
		D3EBC03729FBEEE200250369 /* LocationSource.swift */ = {isa = PBXFileReference; lastKnownFileType = sourcecode.swift; path = LocationSource.swift; sourceTree = "<group>"; };
		D3EBC03929FDB7AD00250369 /* SplashScreenView.swift */ = {isa = PBXFileReference; lastKnownFileType = sourcecode.swift; path = SplashScreenView.swift; sourceTree = "<group>"; };
		EFE2903B402D9328B124CF76 /* Pods-JustWeather.release.xcconfig */ = {isa = PBXFileReference; includeInIndex = 1; lastKnownFileType = text.xcconfig; name = "Pods-JustWeather.release.xcconfig"; path = "Target Support Files/Pods-JustWeather/Pods-JustWeather.release.xcconfig"; sourceTree = "<group>"; };
/* End PBXFileReference section */

/* Begin PBXFrameworksBuildPhase section */
		D316C3192A04517100E5337F /* Frameworks */ = {
			isa = PBXFrameworksBuildPhase;
			buildActionMask = 2147483647;
			files = (
			);
			runOnlyForDeploymentPostprocessing = 0;
		};
		D37C7DCD2A12D80D00A396E3 /* Frameworks */ = {
			isa = PBXFrameworksBuildPhase;
			buildActionMask = 2147483647;
			files = (
				D37C7DD22A12D80D00A396E3 /* SwiftUI.framework in Frameworks */,
				D37C7DD12A12D80D00A396E3 /* WidgetKit.framework in Frameworks */,
			);
			runOnlyForDeploymentPostprocessing = 0;
		};
		D3EBC00129EDCE8900250369 /* Frameworks */ = {
			isa = PBXFrameworksBuildPhase;
			buildActionMask = 2147483647;
			files = (
				4011043BF6E011347E358D2E /* Pods_JustWeather.framework in Frameworks */,
			);
			runOnlyForDeploymentPostprocessing = 0;
		};
/* End PBXFrameworksBuildPhase section */

/* Begin PBXGroup section */
		C34F0A873F489B2336542E45 /* Frameworks */ = {
			isa = PBXGroup;
			children = (
				6322C401C9D0646E3052EAD2 /* Pods_JustWeather.framework */,
				D37C7DB92A12D74900A396E3 /* WidgetKit.framework */,
				D37C7DBB2A12D74900A396E3 /* SwiftUI.framework */,
			);
			name = Frameworks;
			sourceTree = "<group>";
		};
		C52A0D07B86C41F73B76A5D6 /* Pods */ = {
			isa = PBXGroup;
			children = (
				5B4F980BF6997D4ACCD21878 /* Pods-JustWeather.debug.xcconfig */,
				EFE2903B402D9328B124CF76 /* Pods-JustWeather.release.xcconfig */,
			);
			path = Pods;
			sourceTree = "<group>";
		};
		D316C31D2A04517100E5337F /* JustWeatherTests */ = {
			isa = PBXGroup;
			children = (
				D316C3262A059E2A00E5337F /* WeatherViewVCTests.swift */,
				D316C3252A059E2A00E5337F /* JustWeatherTests-Bridging-Header.h */,
			);
			path = JustWeatherTests;
			sourceTree = "<group>";
		};
		D37C7DD32A12D80D00A396E3 /* JustWeatherWidget */ = {
			isa = PBXGroup;
			children = (
				D37C7DF32A158F6600A396E3 /* Models */,
				D37C7DF02A158F4A00A396E3 /* Views */,
				D37C7DD42A12D80D00A396E3 /* JustWeatherWidgetBundle.swift */,
				D37C7DD62A12D80D00A396E3 /* JustWeatherWidget.swift */,
				D37C7DEA2A157B3A00A396E3 /* WidgetProvider.swift */,
				D37C7DD82A12D80E00A396E3 /* Assets.xcassets */,
				D37C7DDA2A12D80E00A396E3 /* Info.plist */,
			);
			path = JustWeatherWidget;
			sourceTree = "<group>";
		};
		D37C7DF02A158F4A00A396E3 /* Views */ = {
			isa = PBXGroup;
			children = (
				D37C7DE72A157ADD00A396E3 /* WidgetView.swift */,
				D37C7DEE2A158F4500A396E3 /* WidgetViewSmall.swift */,
				D37C7DF12A158F5E00A396E3 /* WidgetViewMedium.swift */,
			);
			path = Views;
			sourceTree = "<group>";
		};
		D37C7DF32A158F6600A396E3 /* Models */ = {
			isa = PBXGroup;
			children = (
				D37C7DE42A157A5700A396E3 /* WidgetModel.swift */,
			);
			path = Models;
			sourceTree = "<group>";
		};
		D3EBBFFB29EDCE8900250369 = {
			isa = PBXGroup;
			children = (
				D37C7DF92A181A4600A396E3 /* JustWeatherWidgetExtension.entitlements */,
				D3EBC00629EDCE8900250369 /* JustWeather */,
				D316C31D2A04517100E5337F /* JustWeatherTests */,
				D37C7DD32A12D80D00A396E3 /* JustWeatherWidget */,
				D3EBC00529EDCE8900250369 /* Products */,
				C52A0D07B86C41F73B76A5D6 /* Pods */,
				C34F0A873F489B2336542E45 /* Frameworks */,
			);
			sourceTree = "<group>";
		};
		D3EBC00529EDCE8900250369 /* Products */ = {
			isa = PBXGroup;
			children = (
				D3EBC00429EDCE8900250369 /* JustWeather.app */,
				D316C31C2A04517100E5337F /* JustWeatherTests.xctest */,
				D37C7DD02A12D80D00A396E3 /* JustWeatherWidgetExtension.appex */,
			);
			name = Products;
			sourceTree = "<group>";
		};
		D3EBC00629EDCE8900250369 /* JustWeather */ = {
			isa = PBXGroup;
			children = (
				D37C7DF82A18197600A396E3 /* JustWeather.entitlements */,
				D3EBC00729EDCE8900250369 /* JustWeatherApp.swift */,
				D3EBC02329F304CB00250369 /* Info.plist */,
				D3EBC02229F1E49100250369 /* Assets */,
				D3EBC02129F1E46700250369 /* ViewControllers */,
				D3EBC01E29F1E44300250369 /* Views */,
				D3EBC01B29F1D96400250369 /* Sources */,
				D3EBC01529F1D4BB00250369 /* Models */,
			);
			path = JustWeather;
			sourceTree = "<group>";
		};
		D3EBC00D29EDCE8A00250369 /* Preview Content */ = {
			isa = PBXGroup;
			children = (
				D3EBC00E29EDCE8A00250369 /* Preview Assets.xcassets */,
			);
			path = "Preview Content";
			sourceTree = "<group>";
		};
		D3EBC01529F1D4BB00250369 /* Models */ = {
			isa = PBXGroup;
			children = (
				D3EBC01629F1D4DC00250369 /* WeatherModel.swift */,
			);
			path = Models;
			sourceTree = "<group>";
		};
		D3EBC01B29F1D96400250369 /* Sources */ = {
			isa = PBXGroup;
			children = (
				D316C3162A0013CB00E5337F /* NetworkMonitor.swift */,
				D3EBC01C29F1D97000250369 /* WeatherSource.swift */,
				D3EBC03729FBEEE200250369 /* LocationSource.swift */,
				D37C7DFA2A181A9400A396E3 /* UserDefaultsNames.swift */,
			);
			path = Sources;
			sourceTree = "<group>";
		};
		D3EBC01E29F1E44300250369 /* Views */ = {
			isa = PBXGroup;
			children = (
				D3EBC03929FDB7AD00250369 /* SplashScreenView.swift */,
				D34D15EF29FE885600679A1C /* WeatherView.swift */,
				D34D15F129FE891B00679A1C /* WeatherBackgroundView.swift */,
				D3EBC01F29F1E45900250369 /* MainView.swift */,
			);
			path = Views;
			sourceTree = "<group>";
		};
		D3EBC02129F1E46700250369 /* ViewControllers */ = {
			isa = PBXGroup;
			children = (
				D3EBC02A29F5AD9F00250369 /* WeatherViewVC.swift */,
			);
			path = ViewControllers;
			sourceTree = "<group>";
		};
		D3EBC02229F1E49100250369 /* Assets */ = {
			isa = PBXGroup;
			children = (
				D3EBC02429F304D900250369 /* Fonts */,
				D3EBC00B29EDCE8A00250369 /* Assets.xcassets */,
				D3EBC00D29EDCE8A00250369 /* Preview Content */,
			);
			path = Assets;
			sourceTree = "<group>";
		};
		D3EBC02429F304D900250369 /* Fonts */ = {
			isa = PBXGroup;
			children = (
				D3EBC02829F3064A00250369 /* GothicA1-Medium.ttf */,
			);
			path = Fonts;
			sourceTree = "<group>";
		};
/* End PBXGroup section */

/* Begin PBXNativeTarget section */
		D316C31B2A04517100E5337F /* JustWeatherTests */ = {
			isa = PBXNativeTarget;
			buildConfigurationList = D316C3242A04517100E5337F /* Build configuration list for PBXNativeTarget "JustWeatherTests" */;
			buildPhases = (
				D316C3182A04517100E5337F /* Sources */,
				D316C3192A04517100E5337F /* Frameworks */,
				D316C31A2A04517100E5337F /* Resources */,
			);
			buildRules = (
			);
			dependencies = (
				D316C3212A04517100E5337F /* PBXTargetDependency */,
			);
			name = JustWeatherTests;
			productName = JustWeatherTests;
			productReference = D316C31C2A04517100E5337F /* JustWeatherTests.xctest */;
			productType = "com.apple.product-type.bundle.unit-test";
		};
		D37C7DCF2A12D80D00A396E3 /* JustWeatherWidgetExtension */ = {
			isa = PBXNativeTarget;
			buildConfigurationList = D37C7DDE2A12D80E00A396E3 /* Build configuration list for PBXNativeTarget "JustWeatherWidgetExtension" */;
			buildPhases = (
				D37C7DCC2A12D80D00A396E3 /* Sources */,
				D37C7DCD2A12D80D00A396E3 /* Frameworks */,
				D37C7DCE2A12D80D00A396E3 /* Resources */,
			);
			buildRules = (
			);
			dependencies = (
			);
			name = JustWeatherWidgetExtension;
			productName = JustWeatherWidgetExtension;
			productReference = D37C7DD02A12D80D00A396E3 /* JustWeatherWidgetExtension.appex */;
			productType = "com.apple.product-type.app-extension";
		};
		D3EBC00329EDCE8900250369 /* JustWeather */ = {
			isa = PBXNativeTarget;
			buildConfigurationList = D3EBC01229EDCE8A00250369 /* Build configuration list for PBXNativeTarget "JustWeather" */;
			buildPhases = (
				E87658D1E062336D6486EEEC /* [CP] Check Pods Manifest.lock */,
				D3EBC00029EDCE8900250369 /* Sources */,
				D3EBC00129EDCE8900250369 /* Frameworks */,
				D3EBC00229EDCE8900250369 /* Resources */,
				1DB0E0D4A4385CD3BDAF4702 /* [CP] Embed Pods Frameworks */,
				D3EBC03429F7E82F00250369 /* ShellScript */,
				D37C7DC72A12D74B00A396E3 /* Embed Foundation Extensions */,
			);
			buildRules = (
			);
			dependencies = (
				D37C7DDC2A12D80E00A396E3 /* PBXTargetDependency */,
			);
			name = JustWeather;
			productName = JustWeather;
			productReference = D3EBC00429EDCE8900250369 /* JustWeather.app */;
			productType = "com.apple.product-type.application";
		};
/* End PBXNativeTarget section */

/* Begin PBXProject section */
		D3EBBFFC29EDCE8900250369 /* Project object */ = {
			isa = PBXProject;
			attributes = {
				BuildIndependentTargetsInParallel = 1;
				LastSwiftUpdateCheck = 1430;
				LastUpgradeCheck = 1430;
				TargetAttributes = {
					D316C31B2A04517100E5337F = {
						CreatedOnToolsVersion = 14.3;
						LastSwiftMigration = 1430;
						TestTargetID = D3EBC00329EDCE8900250369;
					};
					D37C7DCF2A12D80D00A396E3 = {
						CreatedOnToolsVersion = 14.3;
					};
					D3EBC00329EDCE8900250369 = {
						CreatedOnToolsVersion = 14.3;
					};
				};
			};
			buildConfigurationList = D3EBBFFF29EDCE8900250369 /* Build configuration list for PBXProject "JustWeather" */;
			compatibilityVersion = "Xcode 14.0";
			developmentRegion = en;
			hasScannedForEncodings = 0;
			knownRegions = (
				en,
				Base,
			);
			mainGroup = D3EBBFFB29EDCE8900250369;
			productRefGroup = D3EBC00529EDCE8900250369 /* Products */;
			projectDirPath = "";
			projectRoot = "";
			targets = (
				D3EBC00329EDCE8900250369 /* JustWeather */,
				D316C31B2A04517100E5337F /* JustWeatherTests */,
				D37C7DCF2A12D80D00A396E3 /* JustWeatherWidgetExtension */,
			);
		};
/* End PBXProject section */

/* Begin PBXResourcesBuildPhase section */
		D316C31A2A04517100E5337F /* Resources */ = {
			isa = PBXResourcesBuildPhase;
			buildActionMask = 2147483647;
			files = (
			);
			runOnlyForDeploymentPostprocessing = 0;
		};
		D37C7DCE2A12D80D00A396E3 /* Resources */ = {
			isa = PBXResourcesBuildPhase;
			buildActionMask = 2147483647;
			files = (
				D37C7DD92A12D80E00A396E3 /* Assets.xcassets in Resources */,
			);
			runOnlyForDeploymentPostprocessing = 0;
		};
		D3EBC00229EDCE8900250369 /* Resources */ = {
			isa = PBXResourcesBuildPhase;
			buildActionMask = 2147483647;
			files = (
				D3EBC00F29EDCE8A00250369 /* Preview Assets.xcassets in Resources */,
				D3EBC00C29EDCE8A00250369 /* Assets.xcassets in Resources */,
				D3EBC02929F3064A00250369 /* GothicA1-Medium.ttf in Resources */,
			);
			runOnlyForDeploymentPostprocessing = 0;
		};
/* End PBXResourcesBuildPhase section */

/* Begin PBXShellScriptBuildPhase section */
		1DB0E0D4A4385CD3BDAF4702 /* [CP] Embed Pods Frameworks */ = {
			isa = PBXShellScriptBuildPhase;
			buildActionMask = 2147483647;
			files = (
			);
			inputFileListPaths = (
				"${PODS_ROOT}/Target Support Files/Pods-JustWeather/Pods-JustWeather-frameworks-${CONFIGURATION}-input-files.xcfilelist",
			);
			name = "[CP] Embed Pods Frameworks";
			outputFileListPaths = (
				"${PODS_ROOT}/Target Support Files/Pods-JustWeather/Pods-JustWeather-frameworks-${CONFIGURATION}-output-files.xcfilelist",
			);
			runOnlyForDeploymentPostprocessing = 0;
			shellPath = /bin/sh;
			shellScript = "\"${PODS_ROOT}/Target Support Files/Pods-JustWeather/Pods-JustWeather-frameworks.sh\"\n";
			showEnvVarsInLog = 0;
		};
		D3EBC03429F7E82F00250369 /* ShellScript */ = {
			isa = PBXShellScriptBuildPhase;
			alwaysOutOfDate = 1;
			buildActionMask = 2147483647;
			files = (
			);
			inputFileListPaths = (
			);
			inputPaths = (
			);
			outputFileListPaths = (
			);
			outputPaths = (
			);
			runOnlyForDeploymentPostprocessing = 0;
			shellPath = /bin/sh;
			shellScript = "\"${PODS_ROOT}/SwiftLint/swiftlint\"\n";
		};
		E87658D1E062336D6486EEEC /* [CP] Check Pods Manifest.lock */ = {
			isa = PBXShellScriptBuildPhase;
			buildActionMask = 2147483647;
			files = (
			);
			inputFileListPaths = (
			);
			inputPaths = (
				"${PODS_PODFILE_DIR_PATH}/Podfile.lock",
				"${PODS_ROOT}/Manifest.lock",
			);
			name = "[CP] Check Pods Manifest.lock";
			outputFileListPaths = (
			);
			outputPaths = (
				"$(DERIVED_FILE_DIR)/Pods-JustWeather-checkManifestLockResult.txt",
			);
			runOnlyForDeploymentPostprocessing = 0;
			shellPath = /bin/sh;
			shellScript = "diff \"${PODS_PODFILE_DIR_PATH}/Podfile.lock\" \"${PODS_ROOT}/Manifest.lock\" > /dev/null\nif [ $? != 0 ] ; then\n    # print error to STDERR\n    echo \"error: The sandbox is not in sync with the Podfile.lock. Run 'pod install' or update your CocoaPods installation.\" >&2\n    exit 1\nfi\n# This output is used by Xcode 'outputs' to avoid re-running this script phase.\necho \"SUCCESS\" > \"${SCRIPT_OUTPUT_FILE_0}\"\n";
			showEnvVarsInLog = 0;
		};
/* End PBXShellScriptBuildPhase section */

/* Begin PBXSourcesBuildPhase section */
		D316C3182A04517100E5337F /* Sources */ = {
			isa = PBXSourcesBuildPhase;
			buildActionMask = 2147483647;
			files = (
				D316C3272A059E2A00E5337F /* WeatherViewVCTests.swift in Sources */,
				D37C7DFD2A181A9800A396E3 /* UserDefaultsNames.swift in Sources */,
			);
			runOnlyForDeploymentPostprocessing = 0;
		};
		D37C7DCC2A12D80D00A396E3 /* Sources */ = {
			isa = PBXSourcesBuildPhase;
			buildActionMask = 2147483647;
			files = (
				D37C7DEF2A158F4500A396E3 /* WidgetViewSmall.swift in Sources */,
				D37C7DEC2A157B7100A396E3 /* WidgetProvider.swift in Sources */,
				D37C7DED2A1581DA00A396E3 /* WeatherSource.swift in Sources */,
				D37C7DD72A12D80D00A396E3 /* JustWeatherWidget.swift in Sources */,
				D37C7DF22A158F5E00A396E3 /* WidgetViewMedium.swift in Sources */,
				D37C7DE62A157A5A00A396E3 /* WidgetModel.swift in Sources */,
				D37C7DE32A157A3200A396E3 /* WeatherModel.swift in Sources */,
				D37C7DFC2A181A9700A396E3 /* UserDefaultsNames.swift in Sources */,
				D37C7DD52A12D80D00A396E3 /* JustWeatherWidgetBundle.swift in Sources */,
				D37C7DE92A157AE100A396E3 /* WidgetView.swift in Sources */,
			);
			runOnlyForDeploymentPostprocessing = 0;
		};
		D3EBC00029EDCE8900250369 /* Sources */ = {
			isa = PBXSourcesBuildPhase;
			buildActionMask = 2147483647;
			files = (
				D37C7DFB2A181A9400A396E3 /* UserDefaultsNames.swift in Sources */,
				D3EBC03A29FDB7AD00250369 /* SplashScreenView.swift in Sources */,
				D3EBC02029F1E45900250369 /* MainView.swift in Sources */,
				D3EBC01D29F1D97000250369 /* WeatherSource.swift in Sources */,
				D34D15F229FE891B00679A1C /* WeatherBackgroundView.swift in Sources */,
				D316C3172A0013CB00E5337F /* NetworkMonitor.swift in Sources */,
				D3EBC01729F1D4DC00250369 /* WeatherModel.swift in Sources */,
				D3EBC03829FBEEE200250369 /* LocationSource.swift in Sources */,
				D3EBC02B29F5AD9F00250369 /* WeatherViewVC.swift in Sources */,
				D3EBC00829EDCE8900250369 /* JustWeatherApp.swift in Sources */,
				D34D15F029FE885600679A1C /* WeatherView.swift in Sources */,
			);
			runOnlyForDeploymentPostprocessing = 0;
		};
/* End PBXSourcesBuildPhase section */

/* Begin PBXTargetDependency section */
		D316C3212A04517100E5337F /* PBXTargetDependency */ = {
			isa = PBXTargetDependency;
			target = D3EBC00329EDCE8900250369 /* JustWeather */;
			targetProxy = D316C3202A04517100E5337F /* PBXContainerItemProxy */;
		};
		D37C7DDC2A12D80E00A396E3 /* PBXTargetDependency */ = {
			isa = PBXTargetDependency;
			target = D37C7DCF2A12D80D00A396E3 /* JustWeatherWidgetExtension */;
			targetProxy = D37C7DDB2A12D80E00A396E3 /* PBXContainerItemProxy */;
		};
/* End PBXTargetDependency section */

/* Begin XCBuildConfiguration section */
		D316C3222A04517100E5337F /* Debug */ = {
			isa = XCBuildConfiguration;
			buildSettings = {
				BUNDLE_LOADER = "$(TEST_HOST)";
				CLANG_ENABLE_MODULES = YES;
				CODE_SIGN_STYLE = Automatic;
				CURRENT_PROJECT_VERSION = 1;
				DEVELOPMENT_TEAM = 2637HTLV24;
				GENERATE_INFOPLIST_FILE = YES;
				IPHONEOS_DEPLOYMENT_TARGET = 16.4;
				MARKETING_VERSION = 1.0;
				PRODUCT_BUNDLE_IDENTIFIER = JakubPrus.JustWeatherTests;
				PRODUCT_NAME = "$(TARGET_NAME)";
				SWIFT_EMIT_LOC_STRINGS = NO;
				SWIFT_OBJC_BRIDGING_HEADER = "JustWeatherTests/JustWeatherTests-Bridging-Header.h";
				SWIFT_OPTIMIZATION_LEVEL = "-Onone";
				SWIFT_VERSION = 5.0;
				TARGETED_DEVICE_FAMILY = "1,2";
				TEST_HOST = "$(BUILT_PRODUCTS_DIR)/JustWeather.app/$(BUNDLE_EXECUTABLE_FOLDER_PATH)/JustWeather";
			};
			name = Debug;
		};
		D316C3232A04517100E5337F /* Release */ = {
			isa = XCBuildConfiguration;
			buildSettings = {
				BUNDLE_LOADER = "$(TEST_HOST)";
				CLANG_ENABLE_MODULES = YES;
				CODE_SIGN_STYLE = Automatic;
				CURRENT_PROJECT_VERSION = 1;
				DEVELOPMENT_TEAM = 2637HTLV24;
				GENERATE_INFOPLIST_FILE = YES;
				IPHONEOS_DEPLOYMENT_TARGET = 16.4;
				MARKETING_VERSION = 1.0;
				PRODUCT_BUNDLE_IDENTIFIER = JakubPrus.JustWeatherTests;
				PRODUCT_NAME = "$(TARGET_NAME)";
				SWIFT_EMIT_LOC_STRINGS = NO;
				SWIFT_OBJC_BRIDGING_HEADER = "JustWeatherTests/JustWeatherTests-Bridging-Header.h";
				SWIFT_VERSION = 5.0;
				TARGETED_DEVICE_FAMILY = "1,2";
				TEST_HOST = "$(BUILT_PRODUCTS_DIR)/JustWeather.app/$(BUNDLE_EXECUTABLE_FOLDER_PATH)/JustWeather";
			};
			name = Release;
		};
		D37C7DDF2A12D80E00A396E3 /* Debug */ = {
			isa = XCBuildConfiguration;
			buildSettings = {
				ASSETCATALOG_COMPILER_GLOBAL_ACCENT_COLOR_NAME = AccentColor;
				ASSETCATALOG_COMPILER_WIDGET_BACKGROUND_COLOR_NAME = WidgetBackground;
				CODE_SIGN_ENTITLEMENTS = JustWeatherWidgetExtension.entitlements;
				CODE_SIGN_STYLE = Automatic;
				CURRENT_PROJECT_VERSION = 1;
				DEVELOPMENT_TEAM = 2637HTLV24;
				GENERATE_INFOPLIST_FILE = YES;
				INFOPLIST_FILE = JustWeatherWidget/Info.plist;
				INFOPLIST_KEY_CFBundleDisplayName = JustWeatherWidget;
				INFOPLIST_KEY_NSHumanReadableCopyright = "";
				IPHONEOS_DEPLOYMENT_TARGET = 16.4;
				LD_RUNPATH_SEARCH_PATHS = (
					"$(inherited)",
					"@executable_path/Frameworks",
					"@executable_path/../../Frameworks",
				);
				MARKETING_VERSION = 1.0;
				PRODUCT_BUNDLE_IDENTIFIER = JakubPrus.JustWeather.JustWeatherWidget;
				PRODUCT_NAME = "$(TARGET_NAME)";
				SKIP_INSTALL = YES;
				SWIFT_EMIT_LOC_STRINGS = YES;
				SWIFT_VERSION = 5.0;
				TARGETED_DEVICE_FAMILY = "1,2";
			};
			name = Debug;
		};
		D37C7DE02A12D80E00A396E3 /* Release */ = {
			isa = XCBuildConfiguration;
			buildSettings = {
				ASSETCATALOG_COMPILER_GLOBAL_ACCENT_COLOR_NAME = AccentColor;
				ASSETCATALOG_COMPILER_WIDGET_BACKGROUND_COLOR_NAME = WidgetBackground;
				CODE_SIGN_ENTITLEMENTS = JustWeatherWidgetExtension.entitlements;
				CODE_SIGN_STYLE = Automatic;
				CURRENT_PROJECT_VERSION = 1;
				DEVELOPMENT_TEAM = 2637HTLV24;
				GENERATE_INFOPLIST_FILE = YES;
				INFOPLIST_FILE = JustWeatherWidget/Info.plist;
				INFOPLIST_KEY_CFBundleDisplayName = JustWeatherWidget;
				INFOPLIST_KEY_NSHumanReadableCopyright = "";
				IPHONEOS_DEPLOYMENT_TARGET = 16.4;
				LD_RUNPATH_SEARCH_PATHS = (
					"$(inherited)",
					"@executable_path/Frameworks",
					"@executable_path/../../Frameworks",
				);
				MARKETING_VERSION = 1.0;
				PRODUCT_BUNDLE_IDENTIFIER = JakubPrus.JustWeather.JustWeatherWidget;
				PRODUCT_NAME = "$(TARGET_NAME)";
				SKIP_INSTALL = YES;
				SWIFT_EMIT_LOC_STRINGS = YES;
				SWIFT_VERSION = 5.0;
				TARGETED_DEVICE_FAMILY = "1,2";
			};
			name = Release;
		};
		D3EBC01029EDCE8A00250369 /* Debug */ = {
			isa = XCBuildConfiguration;
			buildSettings = {
				ALWAYS_SEARCH_USER_PATHS = NO;
				CLANG_ANALYZER_NONNULL = YES;
				CLANG_ANALYZER_NUMBER_OBJECT_CONVERSION = YES_AGGRESSIVE;
				CLANG_CXX_LANGUAGE_STANDARD = "gnu++20";
				CLANG_ENABLE_MODULES = YES;
				CLANG_ENABLE_OBJC_ARC = YES;
				CLANG_ENABLE_OBJC_WEAK = YES;
				CLANG_WARN_BLOCK_CAPTURE_AUTORELEASING = YES;
				CLANG_WARN_BOOL_CONVERSION = YES;
				CLANG_WARN_COMMA = YES;
				CLANG_WARN_CONSTANT_CONVERSION = YES;
				CLANG_WARN_DEPRECATED_OBJC_IMPLEMENTATIONS = YES;
				CLANG_WARN_DIRECT_OBJC_ISA_USAGE = YES_ERROR;
				CLANG_WARN_DOCUMENTATION_COMMENTS = YES;
				CLANG_WARN_EMPTY_BODY = YES;
				CLANG_WARN_ENUM_CONVERSION = YES;
				CLANG_WARN_INFINITE_RECURSION = YES;
				CLANG_WARN_INT_CONVERSION = YES;
				CLANG_WARN_NON_LITERAL_NULL_CONVERSION = YES;
				CLANG_WARN_OBJC_IMPLICIT_RETAIN_SELF = YES;
				CLANG_WARN_OBJC_LITERAL_CONVERSION = YES;
				CLANG_WARN_OBJC_ROOT_CLASS = YES_ERROR;
				CLANG_WARN_QUOTED_INCLUDE_IN_FRAMEWORK_HEADER = YES;
				CLANG_WARN_RANGE_LOOP_ANALYSIS = YES;
				CLANG_WARN_STRICT_PROTOTYPES = YES;
				CLANG_WARN_SUSPICIOUS_MOVE = YES;
				CLANG_WARN_UNGUARDED_AVAILABILITY = YES_AGGRESSIVE;
				CLANG_WARN_UNREACHABLE_CODE = YES;
				CLANG_WARN__DUPLICATE_METHOD_MATCH = YES;
				COPY_PHASE_STRIP = NO;
				DEBUG_INFORMATION_FORMAT = dwarf;
				ENABLE_STRICT_OBJC_MSGSEND = YES;
				ENABLE_TESTABILITY = YES;
				GCC_C_LANGUAGE_STANDARD = gnu11;
				GCC_DYNAMIC_NO_PIC = NO;
				GCC_NO_COMMON_BLOCKS = YES;
				GCC_OPTIMIZATION_LEVEL = 0;
				GCC_PREPROCESSOR_DEFINITIONS = (
					"DEBUG=1",
					"$(inherited)",
				);
				GCC_WARN_64_TO_32_BIT_CONVERSION = YES;
				GCC_WARN_ABOUT_RETURN_TYPE = YES_ERROR;
				GCC_WARN_UNDECLARED_SELECTOR = YES;
				GCC_WARN_UNINITIALIZED_AUTOS = YES_AGGRESSIVE;
				GCC_WARN_UNUSED_FUNCTION = YES;
				GCC_WARN_UNUSED_VARIABLE = YES;
				IPHONEOS_DEPLOYMENT_TARGET = 16.0;
				MTL_ENABLE_DEBUG_INFO = INCLUDE_SOURCE;
				MTL_FAST_MATH = YES;
				ONLY_ACTIVE_ARCH = YES;
				SDKROOT = iphoneos;
				SWIFT_ACTIVE_COMPILATION_CONDITIONS = DEBUG;
				SWIFT_OPTIMIZATION_LEVEL = "-Onone";
			};
			name = Debug;
		};
		D3EBC01129EDCE8A00250369 /* Release */ = {
			isa = XCBuildConfiguration;
			buildSettings = {
				ALWAYS_SEARCH_USER_PATHS = NO;
				CLANG_ANALYZER_NONNULL = YES;
				CLANG_ANALYZER_NUMBER_OBJECT_CONVERSION = YES_AGGRESSIVE;
				CLANG_CXX_LANGUAGE_STANDARD = "gnu++20";
				CLANG_ENABLE_MODULES = YES;
				CLANG_ENABLE_OBJC_ARC = YES;
				CLANG_ENABLE_OBJC_WEAK = YES;
				CLANG_WARN_BLOCK_CAPTURE_AUTORELEASING = YES;
				CLANG_WARN_BOOL_CONVERSION = YES;
				CLANG_WARN_COMMA = YES;
				CLANG_WARN_CONSTANT_CONVERSION = YES;
				CLANG_WARN_DEPRECATED_OBJC_IMPLEMENTATIONS = YES;
				CLANG_WARN_DIRECT_OBJC_ISA_USAGE = YES_ERROR;
				CLANG_WARN_DOCUMENTATION_COMMENTS = YES;
				CLANG_WARN_EMPTY_BODY = YES;
				CLANG_WARN_ENUM_CONVERSION = YES;
				CLANG_WARN_INFINITE_RECURSION = YES;
				CLANG_WARN_INT_CONVERSION = YES;
				CLANG_WARN_NON_LITERAL_NULL_CONVERSION = YES;
				CLANG_WARN_OBJC_IMPLICIT_RETAIN_SELF = YES;
				CLANG_WARN_OBJC_LITERAL_CONVERSION = YES;
				CLANG_WARN_OBJC_ROOT_CLASS = YES_ERROR;
				CLANG_WARN_QUOTED_INCLUDE_IN_FRAMEWORK_HEADER = YES;
				CLANG_WARN_RANGE_LOOP_ANALYSIS = YES;
				CLANG_WARN_STRICT_PROTOTYPES = YES;
				CLANG_WARN_SUSPICIOUS_MOVE = YES;
				CLANG_WARN_UNGUARDED_AVAILABILITY = YES_AGGRESSIVE;
				CLANG_WARN_UNREACHABLE_CODE = YES;
				CLANG_WARN__DUPLICATE_METHOD_MATCH = YES;
				COPY_PHASE_STRIP = NO;
				DEBUG_INFORMATION_FORMAT = "dwarf-with-dsym";
				ENABLE_NS_ASSERTIONS = NO;
				ENABLE_STRICT_OBJC_MSGSEND = YES;
				GCC_C_LANGUAGE_STANDARD = gnu11;
				GCC_NO_COMMON_BLOCKS = YES;
				GCC_WARN_64_TO_32_BIT_CONVERSION = YES;
				GCC_WARN_ABOUT_RETURN_TYPE = YES_ERROR;
				GCC_WARN_UNDECLARED_SELECTOR = YES;
				GCC_WARN_UNINITIALIZED_AUTOS = YES_AGGRESSIVE;
				GCC_WARN_UNUSED_FUNCTION = YES;
				GCC_WARN_UNUSED_VARIABLE = YES;
				IPHONEOS_DEPLOYMENT_TARGET = 16.0;
				MTL_ENABLE_DEBUG_INFO = NO;
				MTL_FAST_MATH = YES;
				SDKROOT = iphoneos;
				SWIFT_COMPILATION_MODE = wholemodule;
				SWIFT_OPTIMIZATION_LEVEL = "-O";
				VALIDATE_PRODUCT = YES;
			};
			name = Release;
		};
		D3EBC01329EDCE8A00250369 /* Debug */ = {
			isa = XCBuildConfiguration;
			baseConfigurationReference = 5B4F980BF6997D4ACCD21878 /* Pods-JustWeather.debug.xcconfig */;
			buildSettings = {
				ALWAYS_EMBED_SWIFT_STANDARD_LIBRARIES = YES;
				ASSETCATALOG_COMPILER_APPICON_NAME = AppIcon;
				ASSETCATALOG_COMPILER_GLOBAL_ACCENT_COLOR_NAME = AccentColor;
				CODE_SIGN_ENTITLEMENTS = JustWeather/JustWeather.entitlements;
				CODE_SIGN_STYLE = Automatic;
				CURRENT_PROJECT_VERSION = 1;
				DEVELOPMENT_ASSET_PATHS = "\"JustWeather/Assets/Preview Content\"";
				DEVELOPMENT_TEAM = 2637HTLV24;
				ENABLE_PREVIEWS = YES;
				GENERATE_INFOPLIST_FILE = YES;
				INFOPLIST_FILE = JustWeather/Info.plist;
				INFOPLIST_KEY_LSApplicationCategoryType = "public.app-category.weather";
				INFOPLIST_KEY_NSLocationWhenInUseUsageDescription = "We need your current location to get accurate weather.";
				INFOPLIST_KEY_UIApplicationSceneManifest_Generation = YES;
				INFOPLIST_KEY_UIApplicationSupportsIndirectInputEvents = YES;
				INFOPLIST_KEY_UILaunchScreen_Generation = YES;
				INFOPLIST_KEY_UISupportedInterfaceOrientations = UIInterfaceOrientationPortrait;
				IPHONEOS_DEPLOYMENT_TARGET = 16.0;
				LD_RUNPATH_SEARCH_PATHS = (
					"$(inherited)",
					"@executable_path/Frameworks",
				);
				MARKETING_VERSION = 1.0;
				PRODUCT_BUNDLE_IDENTIFIER = JakubPrus.JustWeather;
				PRODUCT_NAME = "$(TARGET_NAME)";
				SWIFT_EMIT_LOC_STRINGS = YES;
				SWIFT_VERSION = 5.0;
				TARGETED_DEVICE_FAMILY = "1,2";
			};
			name = Debug;
		};
		D3EBC01429EDCE8A00250369 /* Release */ = {
			isa = XCBuildConfiguration;
			baseConfigurationReference = EFE2903B402D9328B124CF76 /* Pods-JustWeather.release.xcconfig */;
			buildSettings = {
				ALWAYS_EMBED_SWIFT_STANDARD_LIBRARIES = YES;
				ASSETCATALOG_COMPILER_APPICON_NAME = AppIcon;
				ASSETCATALOG_COMPILER_GLOBAL_ACCENT_COLOR_NAME = AccentColor;
				CODE_SIGN_ENTITLEMENTS = JustWeather/JustWeather.entitlements;
				CODE_SIGN_STYLE = Automatic;
				CURRENT_PROJECT_VERSION = 1;
				DEVELOPMENT_ASSET_PATHS = "\"JustWeather/Assets/Preview Content\"";
				DEVELOPMENT_TEAM = 2637HTLV24;
				ENABLE_PREVIEWS = YES;
				GENERATE_INFOPLIST_FILE = YES;
				INFOPLIST_FILE = JustWeather/Info.plist;
				INFOPLIST_KEY_LSApplicationCategoryType = "public.app-category.weather";
				INFOPLIST_KEY_NSLocationWhenInUseUsageDescription = "We need your current location to get accurate weather.";
				INFOPLIST_KEY_UIApplicationSceneManifest_Generation = YES;
				INFOPLIST_KEY_UIApplicationSupportsIndirectInputEvents = YES;
				INFOPLIST_KEY_UILaunchScreen_Generation = YES;
				INFOPLIST_KEY_UISupportedInterfaceOrientations = UIInterfaceOrientationPortrait;
				IPHONEOS_DEPLOYMENT_TARGET = 16.0;
				LD_RUNPATH_SEARCH_PATHS = (
					"$(inherited)",
					"@executable_path/Frameworks",
				);
				MARKETING_VERSION = 1.0;
				PRODUCT_BUNDLE_IDENTIFIER = JakubPrus.JustWeather;
				PRODUCT_NAME = "$(TARGET_NAME)";
				SWIFT_EMIT_LOC_STRINGS = YES;
				SWIFT_VERSION = 5.0;
				TARGETED_DEVICE_FAMILY = "1,2";
			};
			name = Release;
		};
/* End XCBuildConfiguration section */

/* Begin XCConfigurationList section */
		D316C3242A04517100E5337F /* Build configuration list for PBXNativeTarget "JustWeatherTests" */ = {
			isa = XCConfigurationList;
			buildConfigurations = (
				D316C3222A04517100E5337F /* Debug */,
				D316C3232A04517100E5337F /* Release */,
			);
			defaultConfigurationIsVisible = 0;
			defaultConfigurationName = Release;
		};
		D37C7DDE2A12D80E00A396E3 /* Build configuration list for PBXNativeTarget "JustWeatherWidgetExtension" */ = {
			isa = XCConfigurationList;
			buildConfigurations = (
				D37C7DDF2A12D80E00A396E3 /* Debug */,
				D37C7DE02A12D80E00A396E3 /* Release */,
			);
			defaultConfigurationIsVisible = 0;
			defaultConfigurationName = Release;
		};
		D3EBBFFF29EDCE8900250369 /* Build configuration list for PBXProject "JustWeather" */ = {
			isa = XCConfigurationList;
			buildConfigurations = (
				D3EBC01029EDCE8A00250369 /* Debug */,
				D3EBC01129EDCE8A00250369 /* Release */,
			);
			defaultConfigurationIsVisible = 0;
			defaultConfigurationName = Release;
		};
		D3EBC01229EDCE8A00250369 /* Build configuration list for PBXNativeTarget "JustWeather" */ = {
			isa = XCConfigurationList;
			buildConfigurations = (
				D3EBC01329EDCE8A00250369 /* Debug */,
				D3EBC01429EDCE8A00250369 /* Release */,
			);
			defaultConfigurationIsVisible = 0;
			defaultConfigurationName = Release;
		};
/* End XCConfigurationList section */
	};
	rootObject = D3EBBFFC29EDCE8900250369 /* Project object */;
}
