// !$*UTF8*$!
{
	archiveVersion = 1;
	classes = {
	};
	objectVersion = 56;
	objects = {

/* Begin PBXBuildFile section */
		4011043BF6E011347E358D2E /* Pods_JustWeather.framework in Frameworks */ = {isa = PBXBuildFile; fileRef = 6322C401C9D0646E3052EAD2 /* Pods_JustWeather.framework */; };
		D3EBC00829EDCE8900250369 /* JustWeatherApp.swift in Sources */ = {isa = PBXBuildFile; fileRef = D3EBC00729EDCE8900250369 /* JustWeatherApp.swift */; };
		D3EBC00C29EDCE8A00250369 /* Assets.xcassets in Resources */ = {isa = PBXBuildFile; fileRef = D3EBC00B29EDCE8A00250369 /* Assets.xcassets */; };
		D3EBC00F29EDCE8A00250369 /* Preview Assets.xcassets in Resources */ = {isa = PBXBuildFile; fileRef = D3EBC00E29EDCE8A00250369 /* Preview Assets.xcassets */; };
		D3EBC01729F1D4DC00250369 /* WeatherModel.swift in Sources */ = {isa = PBXBuildFile; fileRef = D3EBC01629F1D4DC00250369 /* WeatherModel.swift */; };
		D3EBC01A29F1D95600250369 /* WeatherManager.swift in Sources */ = {isa = PBXBuildFile; fileRef = D3EBC01929F1D95600250369 /* WeatherManager.swift */; };
		D3EBC01D29F1D97000250369 /* WeatherSource.swift in Sources */ = {isa = PBXBuildFile; fileRef = D3EBC01C29F1D97000250369 /* WeatherSource.swift */; };
		D3EBC02029F1E45900250369 /* MainView.swift in Sources */ = {isa = PBXBuildFile; fileRef = D3EBC01F29F1E45900250369 /* MainView.swift */; };
		D3EBC02929F3064A00250369 /* GothicA1-Medium.ttf in Resources */ = {isa = PBXBuildFile; fileRef = D3EBC02829F3064A00250369 /* GothicA1-Medium.ttf */; };
		D3EBC02B29F5AD9F00250369 /* MainViewVC.swift in Sources */ = {isa = PBXBuildFile; fileRef = D3EBC02A29F5AD9F00250369 /* MainViewVC.swift */; };
/* End PBXBuildFile section */

/* Begin PBXFileReference section */
		5B4F980BF6997D4ACCD21878 /* Pods-JustWeather.debug.xcconfig */ = {isa = PBXFileReference; includeInIndex = 1; lastKnownFileType = text.xcconfig; name = "Pods-JustWeather.debug.xcconfig"; path = "Target Support Files/Pods-JustWeather/Pods-JustWeather.debug.xcconfig"; sourceTree = "<group>"; };
		6322C401C9D0646E3052EAD2 /* Pods_JustWeather.framework */ = {isa = PBXFileReference; explicitFileType = wrapper.framework; includeInIndex = 0; path = Pods_JustWeather.framework; sourceTree = BUILT_PRODUCTS_DIR; };
		D3EBC00429EDCE8900250369 /* JustWeather.app */ = {isa = PBXFileReference; explicitFileType = wrapper.application; includeInIndex = 0; path = JustWeather.app; sourceTree = BUILT_PRODUCTS_DIR; };
		D3EBC00729EDCE8900250369 /* JustWeatherApp.swift */ = {isa = PBXFileReference; lastKnownFileType = sourcecode.swift; path = JustWeatherApp.swift; sourceTree = "<group>"; };
		D3EBC00B29EDCE8A00250369 /* Assets.xcassets */ = {isa = PBXFileReference; lastKnownFileType = folder.assetcatalog; path = Assets.xcassets; sourceTree = "<group>"; };
		D3EBC00E29EDCE8A00250369 /* Preview Assets.xcassets */ = {isa = PBXFileReference; lastKnownFileType = folder.assetcatalog; path = "Preview Assets.xcassets"; sourceTree = "<group>"; };
		D3EBC01629F1D4DC00250369 /* WeatherModel.swift */ = {isa = PBXFileReference; lastKnownFileType = sourcecode.swift; path = WeatherModel.swift; sourceTree = "<group>"; };
		D3EBC01929F1D95600250369 /* WeatherManager.swift */ = {isa = PBXFileReference; lastKnownFileType = sourcecode.swift; path = WeatherManager.swift; sourceTree = "<group>"; };
		D3EBC01C29F1D97000250369 /* WeatherSource.swift */ = {isa = PBXFileReference; lastKnownFileType = sourcecode.swift; path = WeatherSource.swift; sourceTree = "<group>"; };
		D3EBC01F29F1E45900250369 /* MainView.swift */ = {isa = PBXFileReference; lastKnownFileType = sourcecode.swift; path = MainView.swift; sourceTree = "<group>"; };
		D3EBC02329F304CB00250369 /* Info.plist */ = {isa = PBXFileReference; lastKnownFileType = text.plist; path = Info.plist; sourceTree = "<group>"; };
		D3EBC02829F3064A00250369 /* GothicA1-Medium.ttf */ = {isa = PBXFileReference; lastKnownFileType = file; path = "GothicA1-Medium.ttf"; sourceTree = "<group>"; };
		D3EBC02A29F5AD9F00250369 /* MainViewVC.swift */ = {isa = PBXFileReference; lastKnownFileType = sourcecode.swift; path = MainViewVC.swift; sourceTree = "<group>"; };
		EFE2903B402D9328B124CF76 /* Pods-JustWeather.release.xcconfig */ = {isa = PBXFileReference; includeInIndex = 1; lastKnownFileType = text.xcconfig; name = "Pods-JustWeather.release.xcconfig"; path = "Target Support Files/Pods-JustWeather/Pods-JustWeather.release.xcconfig"; sourceTree = "<group>"; };
/* End PBXFileReference section */

/* Begin PBXFrameworksBuildPhase section */
		D3EBC00129EDCE8900250369 /* Frameworks */ = {
			isa = PBXFrameworksBuildPhase;
			buildActionMask = 2147483647;
			files = (
				4011043BF6E011347E358D2E /* Pods_JustWeather.framework in Frameworks */,
			);
			runOnlyForDeploymentPostprocessing = 0;
		};
/* End PBXFrameworksBuildPhase section */

/* Begin PBXGroup section */
		C34F0A873F489B2336542E45 /* Frameworks */ = {
			isa = PBXGroup;
			children = (
				6322C401C9D0646E3052EAD2 /* Pods_JustWeather.framework */,
			);
			name = Frameworks;
			sourceTree = "<group>";
		};
		C52A0D07B86C41F73B76A5D6 /* Pods */ = {
			isa = PBXGroup;
			children = (
				5B4F980BF6997D4ACCD21878 /* Pods-JustWeather.debug.xcconfig */,
				EFE2903B402D9328B124CF76 /* Pods-JustWeather.release.xcconfig */,
			);
			path = Pods;
			sourceTree = "<group>";
		};
		D3EBBFFB29EDCE8900250369 = {
			isa = PBXGroup;
			children = (
				D3EBC00629EDCE8900250369 /* JustWeather */,
				D3EBC00529EDCE8900250369 /* Products */,
				C52A0D07B86C41F73B76A5D6 /* Pods */,
				C34F0A873F489B2336542E45 /* Frameworks */,
			);
			sourceTree = "<group>";
		};
		D3EBC00529EDCE8900250369 /* Products */ = {
			isa = PBXGroup;
			children = (
				D3EBC00429EDCE8900250369 /* JustWeather.app */,
			);
			name = Products;
			sourceTree = "<group>";
		};
		D3EBC00629EDCE8900250369 /* JustWeather */ = {
			isa = PBXGroup;
			children = (
				D3EBC02329F304CB00250369 /* Info.plist */,
				D3EBC02229F1E49100250369 /* Assets */,
				D3EBC02129F1E46700250369 /* ViewControllers */,
				D3EBC01E29F1E44300250369 /* Views */,
				D3EBC01B29F1D96400250369 /* Sources */,
				D3EBC01829F1D94100250369 /* Managers */,
				D3EBC01529F1D4BB00250369 /* Models */,
				D3EBC00729EDCE8900250369 /* JustWeatherApp.swift */,
			);
			path = JustWeather;
			sourceTree = "<group>";
		};
		D3EBC00D29EDCE8A00250369 /* Preview Content */ = {
			isa = PBXGroup;
			children = (
				D3EBC00E29EDCE8A00250369 /* Preview Assets.xcassets */,
			);
			path = "Preview Content";
			sourceTree = "<group>";
		};
		D3EBC01529F1D4BB00250369 /* Models */ = {
			isa = PBXGroup;
			children = (
				D3EBC01629F1D4DC00250369 /* WeatherModel.swift */,
			);
			path = Models;
			sourceTree = "<group>";
		};
		D3EBC01829F1D94100250369 /* Managers */ = {
			isa = PBXGroup;
			children = (
				D3EBC01929F1D95600250369 /* WeatherManager.swift */,
			);
			path = Managers;
			sourceTree = "<group>";
		};
		D3EBC01B29F1D96400250369 /* Sources */ = {
			isa = PBXGroup;
			children = (
				D3EBC01C29F1D97000250369 /* WeatherSource.swift */,
			);
			path = Sources;
			sourceTree = "<group>";
		};
		D3EBC01E29F1E44300250369 /* Views */ = {
			isa = PBXGroup;
			children = (
				D3EBC01F29F1E45900250369 /* MainView.swift */,
			);
			path = Views;
			sourceTree = "<group>";
		};
		D3EBC02129F1E46700250369 /* ViewControllers */ = {
			isa = PBXGroup;
			children = (
				D3EBC02A29F5AD9F00250369 /* MainViewVC.swift */,
			);
			path = ViewControllers;
			sourceTree = "<group>";
		};
		D3EBC02229F1E49100250369 /* Assets */ = {
			isa = PBXGroup;
			children = (
				D3EBC02429F304D900250369 /* Fonts */,
				D3EBC00B29EDCE8A00250369 /* Assets.xcassets */,
				D3EBC00D29EDCE8A00250369 /* Preview Content */,
			);
			path = Assets;
			sourceTree = "<group>";
		};
		D3EBC02429F304D900250369 /* Fonts */ = {
			isa = PBXGroup;
			children = (
				D3EBC02829F3064A00250369 /* GothicA1-Medium.ttf */,
			);
			path = Fonts;
			sourceTree = "<group>";
		};
/* End PBXGroup section */

/* Begin PBXNativeTarget section */
		D3EBC00329EDCE8900250369 /* JustWeather */ = {
			isa = PBXNativeTarget;
			buildConfigurationList = D3EBC01229EDCE8A00250369 /* Build configuration list for PBXNativeTarget "JustWeather" */;
			buildPhases = (
				E87658D1E062336D6486EEEC /* [CP] Check Pods Manifest.lock */,
				D3EBC00029EDCE8900250369 /* Sources */,
				D3EBC00129EDCE8900250369 /* Frameworks */,
				D3EBC00229EDCE8900250369 /* Resources */,
				1DB0E0D4A4385CD3BDAF4702 /* [CP] Embed Pods Frameworks */,
			);
			buildRules = (
			);
			dependencies = (
			);
			name = JustWeather;
			productName = JustWeather;
			productReference = D3EBC00429EDCE8900250369 /* JustWeather.app */;
			productType = "com.apple.product-type.application";
		};
/* End PBXNativeTarget section */

/* Begin PBXProject section */
		D3EBBFFC29EDCE8900250369 /* Project object */ = {
			isa = PBXProject;
			attributes = {
				BuildIndependentTargetsInParallel = 1;
				LastSwiftUpdateCheck = 1430;
				LastUpgradeCheck = 1430;
				TargetAttributes = {
					D3EBC00329EDCE8900250369 = {
						CreatedOnToolsVersion = 14.3;
					};
				};
			};
			buildConfigurationList = D3EBBFFF29EDCE8900250369 /* Build configuration list for PBXProject "JustWeather" */;
			compatibilityVersion = "Xcode 14.0";
			developmentRegion = en;
			hasScannedForEncodings = 0;
			knownRegions = (
				en,
				Base,
			);
			mainGroup = D3EBBFFB29EDCE8900250369;
			productRefGroup = D3EBC00529EDCE8900250369 /* Products */;
			projectDirPath = "";
			projectRoot = "";
			targets = (
				D3EBC00329EDCE8900250369 /* JustWeather */,
			);
		};
/* End PBXProject section */

/* Begin PBXResourcesBuildPhase section */
		D3EBC00229EDCE8900250369 /* Resources */ = {
			isa = PBXResourcesBuildPhase;
			buildActionMask = 2147483647;
			files = (
				D3EBC00F29EDCE8A00250369 /* Preview Assets.xcassets in Resources */,
				D3EBC00C29EDCE8A00250369 /* Assets.xcassets in Resources */,
				D3EBC02929F3064A00250369 /* GothicA1-Medium.ttf in Resources */,
			);
			runOnlyForDeploymentPostprocessing = 0;
		};
/* End PBXResourcesBuildPhase section */

/* Begin PBXShellScriptBuildPhase section */
		1DB0E0D4A4385CD3BDAF4702 /* [CP] Embed Pods Frameworks */ = {
			isa = PBXShellScriptBuildPhase;
			buildActionMask = 2147483647;
			files = (
			);
			inputFileListPaths = (
				"${PODS_ROOT}/Target Support Files/Pods-JustWeather/Pods-JustWeather-frameworks-${CONFIGURATION}-input-files.xcfilelist",
			);
			name = "[CP] Embed Pods Frameworks";
			outputFileListPaths = (
				"${PODS_ROOT}/Target Support Files/Pods-JustWeather/Pods-JustWeather-frameworks-${CONFIGURATION}-output-files.xcfilelist",
			);
			runOnlyForDeploymentPostprocessing = 0;
			shellPath = /bin/sh;
			shellScript = "\"${PODS_ROOT}/Target Support Files/Pods-JustWeather/Pods-JustWeather-frameworks.sh\"\n";
			showEnvVarsInLog = 0;
		};
		E87658D1E062336D6486EEEC /* [CP] Check Pods Manifest.lock */ = {
			isa = PBXShellScriptBuildPhase;
			buildActionMask = 2147483647;
			files = (
			);
			inputFileListPaths = (
			);
			inputPaths = (
				"${PODS_PODFILE_DIR_PATH}/Podfile.lock",
				"${PODS_ROOT}/Manifest.lock",
			);
			name = "[CP] Check Pods Manifest.lock";
			outputFileListPaths = (
			);
			outputPaths = (
				"$(DERIVED_FILE_DIR)/Pods-JustWeather-checkManifestLockResult.txt",
			);
			runOnlyForDeploymentPostprocessing = 0;
			shellPath = /bin/sh;
			shellScript = "diff \"${PODS_PODFILE_DIR_PATH}/Podfile.lock\" \"${PODS_ROOT}/Manifest.lock\" > /dev/null\nif [ $? != 0 ] ; then\n    # print error to STDERR\n    echo \"error: The sandbox is not in sync with the Podfile.lock. Run 'pod install' or update your CocoaPods installation.\" >&2\n    exit 1\nfi\n# This output is used by Xcode 'outputs' to avoid re-running this script phase.\necho \"SUCCESS\" > \"${SCRIPT_OUTPUT_FILE_0}\"\n";
			showEnvVarsInLog = 0;
		};
/* End PBXShellScriptBuildPhase section */

/* Begin PBXSourcesBuildPhase section */
		D3EBC00029EDCE8900250369 /* Sources */ = {
			isa = PBXSourcesBuildPhase;
			buildActionMask = 2147483647;
			files = (
				D3EBC02029F1E45900250369 /* MainView.swift in Sources */,
				D3EBC01D29F1D97000250369 /* WeatherSource.swift in Sources */,
				D3EBC01729F1D4DC00250369 /* WeatherModel.swift in Sources */,
				D3EBC01A29F1D95600250369 /* WeatherManager.swift in Sources */,
				D3EBC02B29F5AD9F00250369 /* MainViewVC.swift in Sources */,
				D3EBC00829EDCE8900250369 /* JustWeatherApp.swift in Sources */,
			);
			runOnlyForDeploymentPostprocessing = 0;
		};
/* End PBXSourcesBuildPhase section */

/* Begin XCBuildConfiguration section */
		D3EBC01029EDCE8A00250369 /* Debug */ = {
			isa = XCBuildConfiguration;
			buildSettings = {
				ALWAYS_SEARCH_USER_PATHS = NO;
				CLANG_ANALYZER_NONNULL = YES;
				CLANG_ANALYZER_NUMBER_OBJECT_CONVERSION = YES_AGGRESSIVE;
				CLANG_CXX_LANGUAGE_STANDARD = "gnu++20";
				CLANG_ENABLE_MODULES = YES;
				CLANG_ENABLE_OBJC_ARC = YES;
				CLANG_ENABLE_OBJC_WEAK = YES;
				CLANG_WARN_BLOCK_CAPTURE_AUTORELEASING = YES;
				CLANG_WARN_BOOL_CONVERSION = YES;
				CLANG_WARN_COMMA = YES;
				CLANG_WARN_CONSTANT_CONVERSION = YES;
				CLANG_WARN_DEPRECATED_OBJC_IMPLEMENTATIONS = YES;
				CLANG_WARN_DIRECT_OBJC_ISA_USAGE = YES_ERROR;
				CLANG_WARN_DOCUMENTATION_COMMENTS = YES;
				CLANG_WARN_EMPTY_BODY = YES;
				CLANG_WARN_ENUM_CONVERSION = YES;
				CLANG_WARN_INFINITE_RECURSION = YES;
				CLANG_WARN_INT_CONVERSION = YES;
				CLANG_WARN_NON_LITERAL_NULL_CONVERSION = YES;
				CLANG_WARN_OBJC_IMPLICIT_RETAIN_SELF = YES;
				CLANG_WARN_OBJC_LITERAL_CONVERSION = YES;
				CLANG_WARN_OBJC_ROOT_CLASS = YES_ERROR;
				CLANG_WARN_QUOTED_INCLUDE_IN_FRAMEWORK_HEADER = YES;
				CLANG_WARN_RANGE_LOOP_ANALYSIS = YES;
				CLANG_WARN_STRICT_PROTOTYPES = YES;
				CLANG_WARN_SUSPICIOUS_MOVE = YES;
				CLANG_WARN_UNGUARDED_AVAILABILITY = YES_AGGRESSIVE;
				CLANG_WARN_UNREACHABLE_CODE = YES;
				CLANG_WARN__DUPLICATE_METHOD_MATCH = YES;
				COPY_PHASE_STRIP = NO;
				DEBUG_INFORMATION_FORMAT = dwarf;
				ENABLE_STRICT_OBJC_MSGSEND = YES;
				ENABLE_TESTABILITY = YES;
				GCC_C_LANGUAGE_STANDARD = gnu11;
				GCC_DYNAMIC_NO_PIC = NO;
				GCC_NO_COMMON_BLOCKS = YES;
				GCC_OPTIMIZATION_LEVEL = 0;
				GCC_PREPROCESSOR_DEFINITIONS = (
					"DEBUG=1",
					"$(inherited)",
				);
				GCC_WARN_64_TO_32_BIT_CONVERSION = YES;
				GCC_WARN_ABOUT_RETURN_TYPE = YES_ERROR;
				GCC_WARN_UNDECLARED_SELECTOR = YES;
				GCC_WARN_UNINITIALIZED_AUTOS = YES_AGGRESSIVE;
				GCC_WARN_UNUSED_FUNCTION = YES;
				GCC_WARN_UNUSED_VARIABLE = YES;
				IPHONEOS_DEPLOYMENT_TARGET = 16.0;
				MTL_ENABLE_DEBUG_INFO = INCLUDE_SOURCE;
				MTL_FAST_MATH = YES;
				ONLY_ACTIVE_ARCH = YES;
				SDKROOT = iphoneos;
				SWIFT_ACTIVE_COMPILATION_CONDITIONS = DEBUG;
				SWIFT_OPTIMIZATION_LEVEL = "-Onone";
			};
			name = Debug;
		};
		D3EBC01129EDCE8A00250369 /* Release */ = {
			isa = XCBuildConfiguration;
			buildSettings = {
				ALWAYS_SEARCH_USER_PATHS = NO;
				CLANG_ANALYZER_NONNULL = YES;
				CLANG_ANALYZER_NUMBER_OBJECT_CONVERSION = YES_AGGRESSIVE;
				CLANG_CXX_LANGUAGE_STANDARD = "gnu++20";
				CLANG_ENABLE_MODULES = YES;
				CLANG_ENABLE_OBJC_ARC = YES;
				CLANG_ENABLE_OBJC_WEAK = YES;
				CLANG_WARN_BLOCK_CAPTURE_AUTORELEASING = YES;
				CLANG_WARN_BOOL_CONVERSION = YES;
				CLANG_WARN_COMMA = YES;
				CLANG_WARN_CONSTANT_CONVERSION = YES;
				CLANG_WARN_DEPRECATED_OBJC_IMPLEMENTATIONS = YES;
				CLANG_WARN_DIRECT_OBJC_ISA_USAGE = YES_ERROR;
				CLANG_WARN_DOCUMENTATION_COMMENTS = YES;
				CLANG_WARN_EMPTY_BODY = YES;
				CLANG_WARN_ENUM_CONVERSION = YES;
				CLANG_WARN_INFINITE_RECURSION = YES;
				CLANG_WARN_INT_CONVERSION = YES;
				CLANG_WARN_NON_LITERAL_NULL_CONVERSION = YES;
				CLANG_WARN_OBJC_IMPLICIT_RETAIN_SELF = YES;
				CLANG_WARN_OBJC_LITERAL_CONVERSION = YES;
				CLANG_WARN_OBJC_ROOT_CLASS = YES_ERROR;
				CLANG_WARN_QUOTED_INCLUDE_IN_FRAMEWORK_HEADER = YES;
				CLANG_WARN_RANGE_LOOP_ANALYSIS = YES;
				CLANG_WARN_STRICT_PROTOTYPES = YES;
				CLANG_WARN_SUSPICIOUS_MOVE = YES;
				CLANG_WARN_UNGUARDED_AVAILABILITY = YES_AGGRESSIVE;
				CLANG_WARN_UNREACHABLE_CODE = YES;
				CLANG_WARN__DUPLICATE_METHOD_MATCH = YES;
				COPY_PHASE_STRIP = NO;
				DEBUG_INFORMATION_FORMAT = "dwarf-with-dsym";
				ENABLE_NS_ASSERTIONS = NO;
				ENABLE_STRICT_OBJC_MSGSEND = YES;
				GCC_C_LANGUAGE_STANDARD = gnu11;
				GCC_NO_COMMON_BLOCKS = YES;
				GCC_WARN_64_TO_32_BIT_CONVERSION = YES;
				GCC_WARN_ABOUT_RETURN_TYPE = YES_ERROR;
				GCC_WARN_UNDECLARED_SELECTOR = YES;
				GCC_WARN_UNINITIALIZED_AUTOS = YES_AGGRESSIVE;
				GCC_WARN_UNUSED_FUNCTION = YES;
				GCC_WARN_UNUSED_VARIABLE = YES;
				IPHONEOS_DEPLOYMENT_TARGET = 16.0;
				MTL_ENABLE_DEBUG_INFO = NO;
				MTL_FAST_MATH = YES;
				SDKROOT = iphoneos;
				SWIFT_COMPILATION_MODE = wholemodule;
				SWIFT_OPTIMIZATION_LEVEL = "-O";
				VALIDATE_PRODUCT = YES;
			};
			name = Release;
		};
		D3EBC01329EDCE8A00250369 /* Debug */ = {
			isa = XCBuildConfiguration;
			baseConfigurationReference = 5B4F980BF6997D4ACCD21878 /* Pods-JustWeather.debug.xcconfig */;
			buildSettings = {
				ASSETCATALOG_COMPILER_APPICON_NAME = AppIcon;
				ASSETCATALOG_COMPILER_GLOBAL_ACCENT_COLOR_NAME = AccentColor;
				CODE_SIGN_STYLE = Automatic;
				CURRENT_PROJECT_VERSION = 1;
				DEVELOPMENT_ASSET_PATHS = "\"JustWeather/Assets/Preview Content\"";
				DEVELOPMENT_TEAM = 2637HTLV24;
				ENABLE_PREVIEWS = YES;
				GENERATE_INFOPLIST_FILE = YES;
				INFOPLIST_FILE = JustWeather/Info.plist;
				INFOPLIST_KEY_LSApplicationCategoryType = "public.app-category.weather";
				INFOPLIST_KEY_UIApplicationSceneManifest_Generation = YES;
				INFOPLIST_KEY_UIApplicationSupportsIndirectInputEvents = YES;
				INFOPLIST_KEY_UILaunchScreen_Generation = YES;
				INFOPLIST_KEY_UISupportedInterfaceOrientations = UIInterfaceOrientationPortrait;
				IPHONEOS_DEPLOYMENT_TARGET = 16.0;
				LD_RUNPATH_SEARCH_PATHS = (
					"$(inherited)",
					"@executable_path/Frameworks",
				);
				MARKETING_VERSION = 1.0;
				PRODUCT_BUNDLE_IDENTIFIER = JakubPrus.JustWeather;
				PRODUCT_NAME = "$(TARGET_NAME)";
				SWIFT_EMIT_LOC_STRINGS = YES;
				SWIFT_VERSION = 5.0;
				TARGETED_DEVICE_FAMILY = "1,2";
			};
			name = Debug;
		};
		D3EBC01429EDCE8A00250369 /* Release */ = {
			isa = XCBuildConfiguration;
			baseConfigurationReference = EFE2903B402D9328B124CF76 /* Pods-JustWeather.release.xcconfig */;
			buildSettings = {
				ASSETCATALOG_COMPILER_APPICON_NAME = AppIcon;
				ASSETCATALOG_COMPILER_GLOBAL_ACCENT_COLOR_NAME = AccentColor;
				CODE_SIGN_STYLE = Automatic;
				CURRENT_PROJECT_VERSION = 1;
				DEVELOPMENT_ASSET_PATHS = "\"JustWeather/Assets/Preview Content\"";
				DEVELOPMENT_TEAM = 2637HTLV24;
				ENABLE_PREVIEWS = YES;
				GENERATE_INFOPLIST_FILE = YES;
				INFOPLIST_FILE = JustWeather/Info.plist;
				INFOPLIST_KEY_LSApplicationCategoryType = "public.app-category.weather";
				INFOPLIST_KEY_UIApplicationSceneManifest_Generation = YES;
				INFOPLIST_KEY_UIApplicationSupportsIndirectInputEvents = YES;
				INFOPLIST_KEY_UILaunchScreen_Generation = YES;
				INFOPLIST_KEY_UISupportedInterfaceOrientations = UIInterfaceOrientationPortrait;
				IPHONEOS_DEPLOYMENT_TARGET = 16.0;
				LD_RUNPATH_SEARCH_PATHS = (
					"$(inherited)",
					"@executable_path/Frameworks",
				);
				MARKETING_VERSION = 1.0;
				PRODUCT_BUNDLE_IDENTIFIER = JakubPrus.JustWeather;
				PRODUCT_NAME = "$(TARGET_NAME)";
				SWIFT_EMIT_LOC_STRINGS = YES;
				SWIFT_VERSION = 5.0;
				TARGETED_DEVICE_FAMILY = "1,2";
			};
			name = Release;
		};
/* End XCBuildConfiguration section */

/* Begin XCConfigurationList section */
		D3EBBFFF29EDCE8900250369 /* Build configuration list for PBXProject "JustWeather" */ = {
			isa = XCConfigurationList;
			buildConfigurations = (
				D3EBC01029EDCE8A00250369 /* Debug */,
				D3EBC01129EDCE8A00250369 /* Release */,
			);
			defaultConfigurationIsVisible = 0;
			defaultConfigurationName = Release;
		};
		D3EBC01229EDCE8A00250369 /* Build configuration list for PBXNativeTarget "JustWeather" */ = {
			isa = XCConfigurationList;
			buildConfigurations = (
				D3EBC01329EDCE8A00250369 /* Debug */,
				D3EBC01429EDCE8A00250369 /* Release */,
			);
			defaultConfigurationIsVisible = 0;
			defaultConfigurationName = Release;
		};
/* End XCConfigurationList section */
	};
	rootObject = D3EBBFFC29EDCE8900250369 /* Project object */;
}
